
Microsoft Visual Studio Solution File, Format Version 10.00
# Visual Studio 2008
Project("{FAE04EC0-301F-11D3-BF4B-00C04F79EFBC}") = "SerieOrganizer", "SerieOrganizer\SerieOrganizer.csproj", "{F0B54FDE-2A72-4B33-9229-64852AA17983}"
EndProject
Project("{FAE04EC0-301F-11D3-BF4B-00C04F79EFBC}") = "SerieManagement", "SeriesManagement\SerieManagement.csproj", "{97F0A3DE-19E0-402B-82CF-44DE64BCCBEA}"
EndProject
Project("{2150E333-8FDC-42A3-9474-1A3956D46DE8}") = "Solution Items", "Solution Items", "{F6E5985B-1A75-4A4E-9C2C-8328D2B974A1}"
	ProjectSection(SolutionItems) = preProject
		SerieOrganizer.build = SerieOrganizer.build
	EndProjectSection
EndProject
Project("{FAE04EC0-301F-11D3-BF4B-00C04F79EFBC}") = "SubtitlesManagement", "SubtitlesManagement\SubtitlesManagement.csproj", "{533AFA38-0442-4DDF-863E-C5D537D0C39F}"
EndProject
Project("{FAE04EC0-301F-11D3-BF4B-00C04F79EFBC}") = "SerieManagementTest", "SeriesManagementTest\SerieManagementTest.csproj", "{4B018014-90C7-4018-AB60-3CECF5545B33}"
EndProject
Project("{FAE04EC0-301F-11D3-BF4B-00C04F79EFBC}") = "SubtitlesManagementTest", "SubtitlesManagementTest\SubtitlesManagementTest.csproj", "{F80E9F04-1136-41EB-87F2-A8B76C06D452}"
EndProject
Project("{FAE04EC0-301F-11D3-BF4B-00C04F79EFBC}") = "SubtitleDownloader", "SubtitleDownloader\SubtitleDownloader.csproj", "{0D22E8F0-CB55-4173-A890-BA2950B710BD}"
EndProject
Global
	GlobalSection(SolutionConfigurationPlatforms) = preSolution
		Debug|Any CPU = Debug|Any CPU
		Release|Any CPU = Release|Any CPU
	EndGlobalSection
	GlobalSection(ProjectConfigurationPlatforms) = postSolution
		{F0B54FDE-2A72-4B33-9229-64852AA17983}.Debug|Any CPU.ActiveCfg = Debug|Any CPU
		{F0B54FDE-2A72-4B33-9229-64852AA17983}.Debug|Any CPU.Build.0 = Debug|Any CPU
		{F0B54FDE-2A72-4B33-9229-64852AA17983}.Release|Any CPU.ActiveCfg = Release|Any CPU
		{F0B54FDE-2A72-4B33-9229-64852AA17983}.Release|Any CPU.Build.0 = Release|Any CPU
		{97F0A3DE-19E0-402B-82CF-44DE64BCCBEA}.Debug|Any CPU.ActiveCfg = Debug|Any CPU
		{97F0A3DE-19E0-402B-82CF-44DE64BCCBEA}.Debug|Any CPU.Build.0 = Debug|Any CPU
		{97F0A3DE-19E0-402B-82CF-44DE64BCCBEA}.Release|Any CPU.ActiveCfg = Release|Any CPU
		{97F0A3DE-19E0-402B-82CF-44DE64BCCBEA}.Release|Any CPU.Build.0 = Release|Any CPU
		{533AFA38-0442-4DDF-863E-C5D537D0C39F}.Debug|Any CPU.ActiveCfg = Debug|Any CPU
		{533AFA38-0442-4DDF-863E-C5D537D0C39F}.Debug|Any CPU.Build.0 = Debug|Any CPU
		{533AFA38-0442-4DDF-863E-C5D537D0C39F}.Release|Any CPU.ActiveCfg = Release|Any CPU
		{533AFA38-0442-4DDF-863E-C5D537D0C39F}.Release|Any CPU.Build.0 = Release|Any CPU
		{4B018014-90C7-4018-AB60-3CECF5545B33}.Debug|Any CPU.ActiveCfg = Debug|Any CPU
		{4B018014-90C7-4018-AB60-3CECF5545B33}.Debug|Any CPU.Build.0 = Debug|Any CPU
		{4B018014-90C7-4018-AB60-3CECF5545B33}.Release|Any CPU.ActiveCfg = Release|Any CPU
		{4B018014-90C7-4018-AB60-3CECF5545B33}.Release|Any CPU.Build.0 = Release|Any CPU
		{F80E9F04-1136-41EB-87F2-A8B76C06D452}.Debug|Any CPU.ActiveCfg = Debug|Any CPU
		{F80E9F04-1136-41EB-87F2-A8B76C06D452}.Debug|Any CPU.Build.0 = Debug|Any CPU
		{F80E9F04-1136-41EB-87F2-A8B76C06D452}.Release|Any CPU.ActiveCfg = Release|Any CPU
		{F80E9F04-1136-41EB-87F2-A8B76C06D452}.Release|Any CPU.Build.0 = Release|Any CPU
		{0D22E8F0-CB55-4173-A890-BA2950B710BD}.Debug|Any CPU.ActiveCfg = Debug|Any CPU
		{0D22E8F0-CB55-4173-A890-BA2950B710BD}.Debug|Any CPU.Build.0 = Debug|Any CPU
		{0D22E8F0-CB55-4173-A890-BA2950B710BD}.Release|Any CPU.ActiveCfg = Release|Any CPU
		{0D22E8F0-CB55-4173-A890-BA2950B710BD}.Release|Any CPU.Build.0 = Release|Any CPU
	EndGlobalSection
	GlobalSection(SolutionProperties) = preSolution
		HideSolutionNode = FALSE
	EndGlobalSection
EndGlobal
