
Microsoft Visual Studio Solution File, Format Version 10.00
# Visual Studio 2008
Project("{FAE04EC0-301F-11D3-BF4B-00C04F79EFBC}") = "ShowOrganizer", "SerieOrganizer\ShowOrganizer.csproj", "{F0B54FDE-2A72-4B33-9229-64852AA17983}"
EndProject
Project("{FAE04EC0-301F-11D3-BF4B-00C04F79EFBC}") = "ShowManagement", "SeriesManagement\ShowManagement.csproj", "{97F0A3DE-19E0-402B-82CF-44DE64BCCBEA}"
EndProject
Project("{2150E333-8FDC-42A3-9474-1A3956D46DE8}") = "Solution Items", "Solution Items", "{F6E5985B-1A75-4A4E-9C2C-8328D2B974A1}"
	ProjectSection(SolutionItems) = preProject
		ShowOrganizer.build = ShowOrganizer.build
	EndProjectSection
EndProject
Project("{FAE04EC0-301F-11D3-BF4B-00C04F79EFBC}") = "SubtitlesManagement", "SubtitlesManagement\SubtitlesManagement.csproj", "{533AFA38-0442-4DDF-863E-C5D537D0C39F}"
EndProject
Project("{FAE04EC0-301F-11D3-BF4B-00C04F79EFBC}") = "ShowManagementTest", "SeriesManagementTest\ShowManagementTest.csproj", "{4B018014-90C7-4018-AB60-3CECF5545B33}"
EndProject
Project("{FAE04EC0-301F-11D3-BF4B-00C04F79EFBC}") = "SubtitlesManagementTest", "SubtitlesManagementTest\SubtitlesManagementTest.csproj", "{F80E9F04-1136-41EB-87F2-A8B76C06D452}"
EndProject
Project("{FAE04EC0-301F-11D3-BF4B-00C04F79EFBC}") = "SubtitleDownloader", "SubtitleDownloader\SubtitleDownloader.csproj", "{0D22E8F0-CB55-4173-A890-BA2950B710BD}"
EndProject
Project("{FAE04EC0-301F-11D3-BF4B-00C04F79EFBC}") = "ShowOrganizerCache", "SerieOrganizerCache\ShowOrganizerCache.csproj", "{12BFB3D7-75CD-4D7B-85F2-4EF04E560D71}"
EndProject
Project("{FAE04EC0-301F-11D3-BF4B-00C04F79EFBC}") = "ShowOrganizerCacheTest", "SerieOrganizerCacheTest\ShowOrganizerCacheTest.csproj", "{EC75C348-817D-4C2A-A125-C1EA609B7C09}"
EndProject
Project("{2150E333-8FDC-42A3-9474-1A3956D46DE8}") = "Include", "Include", "{34F73EBE-EE1F-4F71-8A19-FCACF6747675}"
EndProject
Project("{2150E333-8FDC-42A3-9474-1A3956D46DE8}") = "dotNetRDF", "dotNetRDF", "{EB3D637D-CA05-47A8-BD4E-E58F00D2AD0D}"
	ProjectSection(SolutionItems) = preProject
		Include\dotNetRDF\ChangeLog.txt = Include\dotNetRDF\ChangeLog.txt
		Include\dotNetRDF\dotNetRDF.dll = Include\dotNetRDF\dotNetRDF.dll
		Include\dotNetRDF\dotNetRDF.Mono.dll = Include\dotNetRDF\dotNetRDF.Mono.dll
		Include\dotNetRDF\dotNetRDF.XML = Include\dotNetRDF\dotNetRDF.XML
		Include\dotNetRDF\HtmlAgilityPack.dll = Include\dotNetRDF\HtmlAgilityPack.dll
		Include\dotNetRDF\MySql.Data.dll = Include\dotNetRDF\MySql.Data.dll
		Include\dotNetRDF\Newtonsoft.Json.dll = Include\dotNetRDF\Newtonsoft.Json.dll
		Include\dotNetRDF\ReleaseNotes.txt = Include\dotNetRDF\ReleaseNotes.txt
		Include\dotNetRDF\virtado3.dll = Include\dotNetRDF\virtado3.dll
	EndProjectSection
EndProject
Project("{2150E333-8FDC-42A3-9474-1A3956D46DE8}") = "NUnit", "NUnit", "{4EF459D4-95C2-4D7B-A8A2-68F919F1C87A}"
	ProjectSection(SolutionItems) = preProject
		Include\NUnit\nunit.framework.dll = Include\NUnit\nunit.framework.dll
	EndProjectSection
EndProject
Project("{2150E333-8FDC-42A3-9474-1A3956D46DE8}") = "RhinoMocks", "RhinoMocks", "{C00438B6-CBDB-41BB-BE82-496FD551C09F}"
	ProjectSection(SolutionItems) = preProject
		Include\RhinoMocks\Rhino.Mocks.dll = Include\RhinoMocks\Rhino.Mocks.dll
	EndProjectSection
EndProject
Project("{FAE04EC0-301F-11D3-BF4B-00C04F79EFBC}") = "ShowConversion", "ShowConversion\ShowConversion.csproj", "{CF996C8E-2E4E-48EC-8344-A442F17F112A}"
EndProject
Project("{FAE04EC0-301F-11D3-BF4B-00C04F79EFBC}") = "ShowConversionTest", "ShowConversionTest\ShowConversionTest.csproj", "{329D89A2-B9D7-4F7F-96E3-8BF120BDE96D}"
EndProject
Global
	GlobalSection(SolutionConfigurationPlatforms) = preSolution
		Debug|Any CPU = Debug|Any CPU
		Release|Any CPU = Release|Any CPU
	EndGlobalSection
	GlobalSection(ProjectConfigurationPlatforms) = postSolution
		{F0B54FDE-2A72-4B33-9229-64852AA17983}.Debug|Any CPU.ActiveCfg = Debug|Any CPU
		{F0B54FDE-2A72-4B33-9229-64852AA17983}.Debug|Any CPU.Build.0 = Debug|Any CPU
		{F0B54FDE-2A72-4B33-9229-64852AA17983}.Release|Any CPU.ActiveCfg = Release|Any CPU
		{F0B54FDE-2A72-4B33-9229-64852AA17983}.Release|Any CPU.Build.0 = Release|Any CPU
		{97F0A3DE-19E0-402B-82CF-44DE64BCCBEA}.Debug|Any CPU.ActiveCfg = Debug|Any CPU
		{97F0A3DE-19E0-402B-82CF-44DE64BCCBEA}.Debug|Any CPU.Build.0 = Debug|Any CPU
		{97F0A3DE-19E0-402B-82CF-44DE64BCCBEA}.Release|Any CPU.ActiveCfg = Release|Any CPU
		{97F0A3DE-19E0-402B-82CF-44DE64BCCBEA}.Release|Any CPU.Build.0 = Release|Any CPU
		{533AFA38-0442-4DDF-863E-C5D537D0C39F}.Debug|Any CPU.ActiveCfg = Debug|Any CPU
		{533AFA38-0442-4DDF-863E-C5D537D0C39F}.Debug|Any CPU.Build.0 = Debug|Any CPU
		{533AFA38-0442-4DDF-863E-C5D537D0C39F}.Release|Any CPU.ActiveCfg = Release|Any CPU
		{533AFA38-0442-4DDF-863E-C5D537D0C39F}.Release|Any CPU.Build.0 = Release|Any CPU
		{4B018014-90C7-4018-AB60-3CECF5545B33}.Debug|Any CPU.ActiveCfg = Debug|Any CPU
		{4B018014-90C7-4018-AB60-3CECF5545B33}.Debug|Any CPU.Build.0 = Debug|Any CPU
		{4B018014-90C7-4018-AB60-3CECF5545B33}.Release|Any CPU.ActiveCfg = Release|Any CPU
		{4B018014-90C7-4018-AB60-3CECF5545B33}.Release|Any CPU.Build.0 = Release|Any CPU
		{F80E9F04-1136-41EB-87F2-A8B76C06D452}.Debug|Any CPU.ActiveCfg = Debug|Any CPU
		{F80E9F04-1136-41EB-87F2-A8B76C06D452}.Debug|Any CPU.Build.0 = Debug|Any CPU
		{F80E9F04-1136-41EB-87F2-A8B76C06D452}.Release|Any CPU.ActiveCfg = Release|Any CPU
		{F80E9F04-1136-41EB-87F2-A8B76C06D452}.Release|Any CPU.Build.0 = Release|Any CPU
		{0D22E8F0-CB55-4173-A890-BA2950B710BD}.Debug|Any CPU.ActiveCfg = Debug|Any CPU
		{0D22E8F0-CB55-4173-A890-BA2950B710BD}.Debug|Any CPU.Build.0 = Debug|Any CPU
		{0D22E8F0-CB55-4173-A890-BA2950B710BD}.Release|Any CPU.ActiveCfg = Release|Any CPU
		{0D22E8F0-CB55-4173-A890-BA2950B710BD}.Release|Any CPU.Build.0 = Release|Any CPU
		{12BFB3D7-75CD-4D7B-85F2-4EF04E560D71}.Debug|Any CPU.ActiveCfg = Debug|Any CPU
		{12BFB3D7-75CD-4D7B-85F2-4EF04E560D71}.Debug|Any CPU.Build.0 = Debug|Any CPU
		{12BFB3D7-75CD-4D7B-85F2-4EF04E560D71}.Release|Any CPU.ActiveCfg = Release|Any CPU
		{12BFB3D7-75CD-4D7B-85F2-4EF04E560D71}.Release|Any CPU.Build.0 = Release|Any CPU
		{EC75C348-817D-4C2A-A125-C1EA609B7C09}.Debug|Any CPU.ActiveCfg = Debug|Any CPU
		{EC75C348-817D-4C2A-A125-C1EA609B7C09}.Debug|Any CPU.Build.0 = Debug|Any CPU
		{EC75C348-817D-4C2A-A125-C1EA609B7C09}.Release|Any CPU.ActiveCfg = Release|Any CPU
		{EC75C348-817D-4C2A-A125-C1EA609B7C09}.Release|Any CPU.Build.0 = Release|Any CPU
		{CF996C8E-2E4E-48EC-8344-A442F17F112A}.Debug|Any CPU.ActiveCfg = Debug|Any CPU
		{CF996C8E-2E4E-48EC-8344-A442F17F112A}.Debug|Any CPU.Build.0 = Debug|Any CPU
		{CF996C8E-2E4E-48EC-8344-A442F17F112A}.Release|Any CPU.ActiveCfg = Release|Any CPU
		{CF996C8E-2E4E-48EC-8344-A442F17F112A}.Release|Any CPU.Build.0 = Release|Any CPU
		{329D89A2-B9D7-4F7F-96E3-8BF120BDE96D}.Debug|Any CPU.ActiveCfg = Debug|Any CPU
		{329D89A2-B9D7-4F7F-96E3-8BF120BDE96D}.Debug|Any CPU.Build.0 = Debug|Any CPU
		{329D89A2-B9D7-4F7F-96E3-8BF120BDE96D}.Release|Any CPU.ActiveCfg = Release|Any CPU
		{329D89A2-B9D7-4F7F-96E3-8BF120BDE96D}.Release|Any CPU.Build.0 = Release|Any CPU
	EndGlobalSection
	GlobalSection(SolutionProperties) = preSolution
		HideSolutionNode = FALSE
	EndGlobalSection
	GlobalSection(NestedProjects) = preSolution
		{EB3D637D-CA05-47A8-BD4E-E58F00D2AD0D} = {34F73EBE-EE1F-4F71-8A19-FCACF6747675}
		{4EF459D4-95C2-4D7B-A8A2-68F919F1C87A} = {34F73EBE-EE1F-4F71-8A19-FCACF6747675}
		{C00438B6-CBDB-41BB-BE82-496FD551C09F} = {34F73EBE-EE1F-4F71-8A19-FCACF6747675}
	EndGlobalSection
EndGlobal
